// !$*UTF8*$!
{
	archiveVersion = 1;
	classes = {
	};
	objectVersion = 46;
	objects = {

/* Begin PBXBuildFile section */
		162964D01F7459A1008DCF35 /* Vehicle.swift in Sources */ = {isa = PBXBuildFile; fileRef = 162964CF1F7459A1008DCF35 /* Vehicle.swift */; };
		1661DB411F687C4100E6C737 /* main.swift in Sources */ = {isa = PBXBuildFile; fileRef = 1661DB401F687C4100E6C737 /* main.swift */; };
		1661DB481F687D7E00E6C737 /* Employee.swift in Sources */ = {isa = PBXBuildFile; fileRef = 1661DB471F687D7E00E6C737 /* Employee.swift */; };
		1661DB4A1F6881C800E6C737 /* FullTime.swift in Sources */ = {isa = PBXBuildFile; fileRef = 1661DB491F6881C800E6C737 /* FullTime.swift */; };
		1661DB651F6B2F1800E6C737 /* PartTime.swift in Sources */ = {isa = PBXBuildFile; fileRef = 1661DB641F6B2F1800E6C737 /* PartTime.swift */; };
		1661DB671F6B343C00E6C737 /* Intern.swift in Sources */ = {isa = PBXBuildFile; fileRef = 1661DB661F6B343C00E6C737 /* Intern.swift */; };
/* End PBXBuildFile section */

/* Begin PBXCopyFilesBuildPhase section */
		1661DB3B1F687C4000E6C737 /* CopyFiles */ = {
			isa = PBXCopyFilesBuildPhase;
			buildActionMask = 2147483647;
			dstPath = /usr/share/man/man1/;
			dstSubfolderSpec = 0;
			files = (
			);
			runOnlyForDeploymentPostprocessing = 1;
		};
/* End PBXCopyFilesBuildPhase section */

/* Begin PBXFileReference section */
		162964CF1F7459A1008DCF35 /* Vehicle.swift */ = {isa = PBXFileReference; fileEncoding = 4; lastKnownFileType = sourcecode.swift; path = Vehicle.swift; sourceTree = "<group>"; };
		1661DB3D1F687C4100E6C737 /* ShaeridanPayroll */ = {isa = PBXFileReference; explicitFileType = "compiled.mach-o.executable"; includeInIndex = 0; path = ShaeridanPayroll; sourceTree = BUILT_PRODUCTS_DIR; };
		1661DB401F687C4100E6C737 /* main.swift */ = {isa = PBXFileReference; lastKnownFileType = sourcecode.swift; path = main.swift; sourceTree = "<group>"; };
		1661DB471F687D7E00E6C737 /* Employee.swift */ = {isa = PBXFileReference; fileEncoding = 4; lastKnownFileType = sourcecode.swift; path = Employee.swift; sourceTree = "<group>"; };
		1661DB491F6881C800E6C737 /* FullTime.swift */ = {isa = PBXFileReference; fileEncoding = 4; lastKnownFileType = sourcecode.swift; path = FullTime.swift; sourceTree = "<group>"; };
		1661DB641F6B2F1800E6C737 /* PartTime.swift */ = {isa = PBXFileReference; fileEncoding = 4; lastKnownFileType = sourcecode.swift; path = PartTime.swift; sourceTree = "<group>"; };
		1661DB661F6B343C00E6C737 /* Intern.swift */ = {isa = PBXFileReference; fileEncoding = 4; lastKnownFileType = sourcecode.swift; path = Intern.swift; sourceTree = "<group>"; };
/* End PBXFileReference section */

/* Begin PBXFrameworksBuildPhase section */
		1661DB3A1F687C4000E6C737 /* Frameworks */ = {
			isa = PBXFrameworksBuildPhase;
			buildActionMask = 2147483647;
			files = (
			);
			runOnlyForDeploymentPostprocessing = 0;
		};
/* End PBXFrameworksBuildPhase section */

/* Begin PBXGroup section */
		1661DB341F687C4000E6C737 = {
			isa = PBXGroup;
			children = (
				1661DB3F1F687C4100E6C737 /* ShaeridanPayroll */,
				1661DB3E1F687C4100E6C737 /* Products */,
			);
			sourceTree = "<group>";
		};
		1661DB3E1F687C4100E6C737 /* Products */ = {
			isa = PBXGroup;
			children = (
				1661DB3D1F687C4100E6C737 /* ShaeridanPayroll */,
			);
			name = Products;
			sourceTree = "<group>";
		};
		1661DB3F1F687C4100E6C737 /* ShaeridanPayroll */ = {
			isa = PBXGroup;
			children = (
				1661DB401F687C4100E6C737 /* main.swift */,
				1661DB471F687D7E00E6C737 /* Employee.swift */,
				1661DB491F6881C800E6C737 /* FullTime.swift */,
				1661DB641F6B2F1800E6C737 /* PartTime.swift */,
				1661DB661F6B343C00E6C737 /* Intern.swift */,
				162964CF1F7459A1008DCF35 /* Vehicle.swift */,
			);
			path = ShaeridanPayroll;
			sourceTree = "<group>";
		};
/* End PBXGroup section */

/* Begin PBXNativeTarget section */
		1661DB3C1F687C4000E6C737 /* ShaeridanPayroll */ = {
			isa = PBXNativeTarget;
			buildConfigurationList = 1661DB441F687C4100E6C737 /* Build configuration list for PBXNativeTarget "ShaeridanPayroll" */;
			buildPhases = (
				1661DB391F687C4000E6C737 /* Sources */,
				1661DB3A1F687C4000E6C737 /* Frameworks */,
				1661DB3B1F687C4000E6C737 /* CopyFiles */,
			);
			buildRules = (
			);
			dependencies = (
			);
			name = ShaeridanPayroll;
			productName = ShaeridanPayroll;
			productReference = 1661DB3D1F687C4100E6C737 /* ShaeridanPayroll */;
			productType = "com.apple.product-type.tool";
		};
/* End PBXNativeTarget section */

/* Begin PBXProject section */
		1661DB351F687C4000E6C737 /* Project object */ = {
			isa = PBXProject;
			attributes = {
				LastSwiftUpdateCheck = 0830;
				LastUpgradeCheck = 0830;
				ORGANIZATIONNAME = "Marc Bueno Inc";
				TargetAttributes = {
					1661DB3C1F687C4000E6C737 = {
						CreatedOnToolsVersion = 8.3.3;
						ProvisioningStyle = Automatic;
					};
				};
			};
			buildConfigurationList = 1661DB381F687C4000E6C737 /* Build configuration list for PBXProject "ShaeridanPayroll" */;
			compatibilityVersion = "Xcode 3.2";
			developmentRegion = English;
			hasScannedForEncodings = 0;
			knownRegions = (
				en,
			);
			mainGroup = 1661DB341F687C4000E6C737;
			productRefGroup = 1661DB3E1F687C4100E6C737 /* Products */;
			projectDirPath = "";
			projectRoot = "";
			targets = (
				1661DB3C1F687C4000E6C737 /* ShaeridanPayroll */,
			);
		};
/* End PBXProject section */

/* Begin PBXSourcesBuildPhase section */
		1661DB391F687C4000E6C737 /* Sources */ = {
			isa = PBXSourcesBuildPhase;
			buildActionMask = 2147483647;
			files = (
				162964D01F7459A1008DCF35 /* Vehicle.swift in Sources */,
				1661DB671F6B343C00E6C737 /* Intern.swift in Sources */,
				1661DB4A1F6881C800E6C737 /* FullTime.swift in Sources */,
				1661DB411F687C4100E6C737 /* main.swift in Sources */,
				1661DB481F687D7E00E6C737 /* Employee.swift in Sources */,
				1661DB651F6B2F1800E6C737 /* PartTime.swift in Sources */,
			);
			runOnlyForDeploymentPostprocessing = 0;
		};
/* End PBXSourcesBuildPhase section */

/* Begin XCBuildConfiguration section */
		1661DB421F687C4100E6C737 /* Debug */ = {
			isa = XCBuildConfiguration;
			buildSettings = {
				ALWAYS_SEARCH_USER_PATHS = NO;
				CLANG_ANALYZER_NONNULL = YES;
				CLANG_ANALYZER_NUMBER_OBJECT_CONVERSION = YES_AGGRESSIVE;
				CLANG_CXX_LANGUAGE_STANDARD = "gnu++0x";
				CLANG_CXX_LIBRARY = "libc++";
				CLANG_ENABLE_MODULES = YES;
				CLANG_ENABLE_OBJC_ARC = YES;
				CLANG_WARN_BOOL_CONVERSION = YES;
				CLANG_WARN_CONSTANT_CONVERSION = YES;
				CLANG_WARN_DIRECT_OBJC_ISA_USAGE = YES_ERROR;
				CLANG_WARN_DOCUMENTATION_COMMENTS = YES;
				CLANG_WARN_EMPTY_BODY = YES;
				CLANG_WARN_ENUM_CONVERSION = YES;
				CLANG_WARN_INFINITE_RECURSION = YES;
				CLANG_WARN_INT_CONVERSION = YES;
				CLANG_WARN_OBJC_ROOT_CLASS = YES_ERROR;
				CLANG_WARN_SUSPICIOUS_MOVE = YES;
				CLANG_WARN_UNREACHABLE_CODE = YES;
				CLANG_WARN__DUPLICATE_METHOD_MATCH = YES;
				CODE_SIGN_IDENTITY = "-";
				COPY_PHASE_STRIP = NO;
				DEBUG_INFORMATION_FORMAT = dwarf;
				ENABLE_STRICT_OBJC_MSGSEND = YES;
				ENABLE_TESTABILITY = YES;
				GCC_C_LANGUAGE_STANDARD = gnu99;
				GCC_DYNAMIC_NO_PIC = NO;
				GCC_NO_COMMON_BLOCKS = YES;
				GCC_OPTIMIZATION_LEVEL = 0;
				GCC_PREPROCESSOR_DEFINITIONS = (
					"DEBUG=1",
					"$(inherited)",
				);
				GCC_WARN_64_TO_32_BIT_CONVERSION = YES;
				GCC_WARN_ABOUT_RETURN_TYPE = YES_ERROR;
				GCC_WARN_UNDECLARED_SELECTOR = YES;
				GCC_WARN_UNINITIALIZED_AUTOS = YES_AGGRESSIVE;
				GCC_WARN_UNUSED_FUNCTION = YES;
				GCC_WARN_UNUSED_VARIABLE = YES;
				MACOSX_DEPLOYMENT_TARGET = 10.12;
				MTL_ENABLE_DEBUG_INFO = YES;
				ONLY_ACTIVE_ARCH = YES;
				SDKROOT = macosx;
				SWIFT_OPTIMIZATION_LEVEL = "-Onone";
			};
			name = Debug;
		};
		1661DB431F687C4100E6C737 /* Release */ = {
			isa = XCBuildConfiguration;
			buildSettings = {
				ALWAYS_SEARCH_USER_PATHS = NO;
				CLANG_ANALYZER_NONNULL = YES;
				CLANG_ANALYZER_NUMBER_OBJECT_CONVERSION = YES_AGGRESSIVE;
				CLANG_CXX_LANGUAGE_STANDARD = "gnu++0x";
				CLANG_CXX_LIBRARY = "libc++";
				CLANG_ENABLE_MODULES = YES;
				CLANG_ENABLE_OBJC_ARC = YES;
				CLANG_WARN_BOOL_CONVERSION = YES;
				CLANG_WARN_CONSTANT_CONVERSION = YES;
				CLANG_WARN_DIRECT_OBJC_ISA_USAGE = YES_ERROR;
				CLANG_WARN_DOCUMENTATION_COMMENTS = YES;
				CLANG_WARN_EMPTY_BODY = YES;
				CLANG_WARN_ENUM_CONVERSION = YES;
				CLANG_WARN_INFINITE_RECURSION = YES;
				CLANG_WARN_INT_CONVERSION = YES;
				CLANG_WARN_OBJC_ROOT_CLASS = YES_ERROR;
				CLANG_WARN_SUSPICIOUS_MOVE = YES;
				CLANG_WARN_UNREACHABLE_CODE = YES;
				CLANG_WARN__DUPLICATE_METHOD_MATCH = YES;
				CODE_SIGN_IDENTITY = "-";
				COPY_PHASE_STRIP = NO;
				DEBUG_INFORMATION_FORMAT = "dwarf-with-dsym";
				ENABLE_NS_ASSERTIONS = NO;
				ENABLE_STRICT_OBJC_MSGSEND = YES;
				GCC_C_LANGUAGE_STANDARD = gnu99;
				GCC_NO_COMMON_BLOCKS = YES;
				GCC_WARN_64_TO_32_BIT_CONVERSION = YES;
				GCC_WARN_ABOUT_RETURN_TYPE = YES_ERROR;
				GCC_WARN_UNDECLARED_SELECTOR = YES;
				GCC_WARN_UNINITIALIZED_AUTOS = YES_AGGRESSIVE;
				GCC_WARN_UNUSED_FUNCTION = YES;
				GCC_WARN_UNUSED_VARIABLE = YES;
				MACOSX_DEPLOYMENT_TARGET = 10.12;
				MTL_ENABLE_DEBUG_INFO = NO;
				SDKROOT = macosx;
			};
			name = Release;
		};
		1661DB451F687C4100E6C737 /* Debug */ = {
			isa = XCBuildConfiguration;
			buildSettings = {
				PRODUCT_NAME = "$(TARGET_NAME)";
				SWIFT_VERSION = 3.0;
			};
			name = Debug;
		};
		1661DB461F687C4100E6C737 /* Release */ = {
			isa = XCBuildConfiguration;
			buildSettings = {
				PRODUCT_NAME = "$(TARGET_NAME)";
				SWIFT_VERSION = 3.0;
			};
			name = Release;
		};
/* End XCBuildConfiguration section */

/* Begin XCConfigurationList section */
		1661DB381F687C4000E6C737 /* Build configuration list for PBXProject "ShaeridanPayroll" */ = {
			isa = XCConfigurationList;
			buildConfigurations = (
				1661DB421F687C4100E6C737 /* Debug */,
				1661DB431F687C4100E6C737 /* Release */,
			);
			defaultConfigurationIsVisible = 0;
			defaultConfigurationName = Release;
		};
		1661DB441F687C4100E6C737 /* Build configuration list for PBXNativeTarget "ShaeridanPayroll" */ = {
			isa = XCConfigurationList;
			buildConfigurations = (
				1661DB451F687C4100E6C737 /* Debug */,
				1661DB461F687C4100E6C737 /* Release */,
			);
			defaultConfigurationIsVisible = 0;
			defaultConfigurationName = Release;
		};
/* End XCConfigurationList section */
	};
	rootObject = 1661DB351F687C4000E6C737 /* Project object */;
}
